// !$*UTF8*$!
{
	archiveVersion = 1;
	classes = {
	};
	objectVersion = 46;
	objects = {

/* Begin PBXBuildFile section */
		A65455F01FD1B01E00059017 /* Main.storyboard in Resources */ = {isa = PBXBuildFile; fileRef = A65455EF1FD1B01E00059017 /* Main.storyboard */; };
		A65595041FD6EC8600CA1472 /* SelectTypeViewController.m in Sources */ = {isa = PBXBuildFile; fileRef = A65595031FD6EC8600CA1472 /* SelectTypeViewController.m */; };
		A65595061FD6ECC000CA1472 /* RestaurantsTableViewController.m in Sources */ = {isa = PBXBuildFile; fileRef = A65595051FD6ECC000CA1472 /* RestaurantsTableViewController.m */; };
		A6AE375D1FD59B82000E0657 /* BookingsFetchedResultsController.m in Sources */ = {isa = PBXBuildFile; fileRef = A6AE375C1FD59B82000E0657 /* BookingsFetchedResultsController.m */; };
		A6AE37641FD5AD5D000E0657 /* ExistingBookingsViewController.m in Sources */ = {isa = PBXBuildFile; fileRef = A6AE37631FD5AD5D000E0657 /* ExistingBookingsViewController.m */; };
		A6C369AE1FC87B7B00C53B89 /* Booking.m in Sources */ = {isa = PBXBuildFile; fileRef = A6C369AD1FC87B7B00C53B89 /* Booking.m */; };
		A6C369B41FC87BCD00C53B89 /* BookingsViewController.m in Sources */ = {isa = PBXBuildFile; fileRef = A6C369B31FC87BCD00C53B89 /* BookingsViewController.m */; };
		A6C369B71FC87BE900C53B89 /* Restaurant.m in Sources */ = {isa = PBXBuildFile; fileRef = A6C369B61FC87BE900C53B89 /* Restaurant.m */; };
		A6C369BA1FC87BFD00C53B89 /* RestaurantDataModel.m in Sources */ = {isa = PBXBuildFile; fileRef = A6C369B91FC87BFD00C53B89 /* RestaurantDataModel.m */; };
		A6C369BD1FC87C1100C53B89 /* RestaurantViewController.m in Sources */ = {isa = PBXBuildFile; fileRef = A6C369BC1FC87C1100C53B89 /* RestaurantViewController.m */; };
		A6C369C61FC8821800C53B89 /* BookingCreateViewController.m in Sources */ = {isa = PBXBuildFile; fileRef = A6C369C51FC8821800C53B89 /* BookingCreateViewController.m */; };
		A6C369C91FC890E600C53B89 /* Project.xcdatamodeld in Sources */ = {isa = PBXBuildFile; fileRef = A6C369C71FC890E600C53B89 /* Project.xcdatamodeld */; };
		A6EDB32C1FBB41BC00E6CEE0 /* main.m in Sources */ = {isa = PBXBuildFile; fileRef = A6EDB32B1FBB41BC00E6CEE0 /* main.m */; };
		A6EDB32F1FBB41BC00E6CEE0 /* AppDelegate.m in Sources */ = {isa = PBXBuildFile; fileRef = A6EDB32E1FBB41BC00E6CEE0 /* AppDelegate.m */; };
		A6EDB3371FBB41BD00E6CEE0 /* Assets.xcassets in Resources */ = {isa = PBXBuildFile; fileRef = A6EDB3361FBB41BD00E6CEE0 /* Assets.xcassets */; };
		A6EDB33A1FBB41BD00E6CEE0 /* LaunchScreen.storyboard in Resources */ = {isa = PBXBuildFile; fileRef = A6EDB3381FBB41BD00E6CEE0 /* LaunchScreen.storyboard */; };
		A6EDB3451FBB41BE00E6CEE0 /* ProjectTests.m in Sources */ = {isa = PBXBuildFile; fileRef = A6EDB3441FBB41BE00E6CEE0 /* ProjectTests.m */; };
		A6EDB3501FBB41BE00E6CEE0 /* ProjectUITests.m in Sources */ = {isa = PBXBuildFile; fileRef = A6EDB34F1FBB41BE00E6CEE0 /* ProjectUITests.m */; };
		A6F9EE421FD0929400881484 /* CoreData.framework in Frameworks */ = {isa = PBXBuildFile; fileRef = A665BB4D1FCC90D8006BFA85 /* CoreData.framework */; settings = {ATTRIBUTES = (Required, ); }; };
		A6F9EE4D1FD0977E00881484 /* Bookings+CoreDataClass.m in Sources */ = {isa = PBXBuildFile; fileRef = A6F9EE4A1FD0977E00881484 /* Bookings+CoreDataClass.m */; };
		A6F9EE4E1FD0977E00881484 /* Bookings+CoreDataProperties.m in Sources */ = {isa = PBXBuildFile; fileRef = A6F9EE4C1FD0977E00881484 /* Bookings+CoreDataProperties.m */; };
		A6F9EE511FD099CF00881484 /* Bookings+Add.m in Sources */ = {isa = PBXBuildFile; fileRef = A6F9EE501FD099CF00881484 /* Bookings+Add.m */; };
/* End PBXBuildFile section */

/* Begin PBXContainerItemProxy section */
		A6EDB3411FBB41BD00E6CEE0 /* PBXContainerItemProxy */ = {
			isa = PBXContainerItemProxy;
			containerPortal = A6EDB31F1FBB41B400E6CEE0 /* Project object */;
			proxyType = 1;
			remoteGlobalIDString = A6EDB3261FBB41B600E6CEE0;
			remoteInfo = Project;
		};
		A6EDB34C1FBB41BE00E6CEE0 /* PBXContainerItemProxy */ = {
			isa = PBXContainerItemProxy;
			containerPortal = A6EDB31F1FBB41B400E6CEE0 /* Project object */;
			proxyType = 1;
			remoteGlobalIDString = A6EDB3261FBB41B600E6CEE0;
			remoteInfo = Project;
		};
/* End PBXContainerItemProxy section */

/* Begin PBXFileReference section */
		A65455EF1FD1B01E00059017 /* Main.storyboard */ = {isa = PBXFileReference; fileEncoding = 4; lastKnownFileType = file.storyboard; path = Main.storyboard; sourceTree = "<group>"; };
		A65595031FD6EC8600CA1472 /* SelectTypeViewController.m */ = {isa = PBXFileReference; fileEncoding = 4; lastKnownFileType = sourcecode.c.objc; name = SelectTypeViewController.m; path = "../../../../../Volumes/STORE N GO/elec2660-final-project-1718-el16ar/Project/SelectTypeViewController.m"; sourceTree = "<group>"; };
		A65595051FD6ECC000CA1472 /* RestaurantsTableViewController.m */ = {isa = PBXFileReference; fileEncoding = 4; lastKnownFileType = sourcecode.c.objc; path = RestaurantsTableViewController.m; sourceTree = "<group>"; };
		A665BB4D1FCC90D8006BFA85 /* CoreData.framework */ = {isa = PBXFileReference; lastKnownFileType = wrapper.framework; name = CoreData.framework; path = System/Library/Frameworks/CoreData.framework; sourceTree = SDKROOT; };
		A6AE375B1FD59B82000E0657 /* BookingsFetchedResultsController.h */ = {isa = PBXFileReference; fileEncoding = 4; lastKnownFileType = sourcecode.c.h; path = BookingsFetchedResultsController.h; sourceTree = "<group>"; };
		A6AE375C1FD59B82000E0657 /* BookingsFetchedResultsController.m */ = {isa = PBXFileReference; fileEncoding = 4; lastKnownFileType = sourcecode.c.objc; path = BookingsFetchedResultsController.m; sourceTree = "<group>"; };
		A6AE37621FD5AD5D000E0657 /* ExistingBookingsViewController.h */ = {isa = PBXFileReference; fileEncoding = 4; lastKnownFileType = sourcecode.c.h; path = ExistingBookingsViewController.h; sourceTree = "<group>"; };
		A6AE37631FD5AD5D000E0657 /* ExistingBookingsViewController.m */ = {isa = PBXFileReference; fileEncoding = 4; lastKnownFileType = sourcecode.c.objc; path = ExistingBookingsViewController.m; sourceTree = "<group>"; };
		A6C369AC1FC87B6800C53B89 /* Booking.h */ = {isa = PBXFileReference; fileEncoding = 4; lastKnownFileType = sourcecode.c.h; path = Booking.h; sourceTree = "<group>"; };
		A6C369AD1FC87B7B00C53B89 /* Booking.m */ = {isa = PBXFileReference; fileEncoding = 4; lastKnownFileType = sourcecode.c.objc; path = Booking.m; sourceTree = "<group>"; };
		A6C369B21FC87BCD00C53B89 /* BookingsViewController.h */ = {isa = PBXFileReference; fileEncoding = 4; lastKnownFileType = sourcecode.c.h; path = BookingsViewController.h; sourceTree = "<group>"; };
		A6C369B31FC87BCD00C53B89 /* BookingsViewController.m */ = {isa = PBXFileReference; fileEncoding = 4; lastKnownFileType = sourcecode.c.objc; path = BookingsViewController.m; sourceTree = "<group>"; };
		A6C369B51FC87BE900C53B89 /* Restaurant.h */ = {isa = PBXFileReference; fileEncoding = 4; lastKnownFileType = sourcecode.c.h; path = Restaurant.h; sourceTree = "<group>"; };
		A6C369B61FC87BE900C53B89 /* Restaurant.m */ = {isa = PBXFileReference; fileEncoding = 4; lastKnownFileType = sourcecode.c.objc; path = Restaurant.m; sourceTree = "<group>"; };
		A6C369B81FC87BFD00C53B89 /* RestaurantDataModel.h */ = {isa = PBXFileReference; fileEncoding = 4; lastKnownFileType = sourcecode.c.h; path = RestaurantDataModel.h; sourceTree = "<group>"; };
		A6C369B91FC87BFD00C53B89 /* RestaurantDataModel.m */ = {isa = PBXFileReference; fileEncoding = 4; lastKnownFileType = sourcecode.c.objc; path = RestaurantDataModel.m; sourceTree = "<group>"; };
		A6C369BB1FC87C1100C53B89 /* RestaurantViewController.h */ = {isa = PBXFileReference; fileEncoding = 4; lastKnownFileType = sourcecode.c.h; path = RestaurantViewController.h; sourceTree = "<group>"; };
		A6C369BC1FC87C1100C53B89 /* RestaurantViewController.m */ = {isa = PBXFileReference; fileEncoding = 4; lastKnownFileType = sourcecode.c.objc; path = RestaurantViewController.m; sourceTree = "<group>"; };
		A6C369BE1FC87C1D00C53B89 /* SelectTypeViewController.h */ = {isa = PBXFileReference; fileEncoding = 4; lastKnownFileType = sourcecode.c.h; path = SelectTypeViewController.h; sourceTree = "<group>"; };
		A6C369C11FC87C3400C53B89 /* RestaurantsTableViewController.h */ = {isa = PBXFileReference; fileEncoding = 4; lastKnownFileType = sourcecode.c.h; path = RestaurantsTableViewController.h; sourceTree = "<group>"; };
		A6C369C41FC8821800C53B89 /* BookingCreateViewController.h */ = {isa = PBXFileReference; fileEncoding = 4; lastKnownFileType = sourcecode.c.h; path = BookingCreateViewController.h; sourceTree = "<group>"; };
		A6C369C51FC8821800C53B89 /* BookingCreateViewController.m */ = {isa = PBXFileReference; fileEncoding = 4; lastKnownFileType = sourcecode.c.objc; path = BookingCreateViewController.m; sourceTree = "<group>"; };
		A6C369C81FC890E600C53B89 /* Project.xcdatamodel */ = {isa = PBXFileReference; lastKnownFileType = wrapper.xcdatamodel; path = Project.xcdatamodel; sourceTree = "<group>"; };
		A6EDB3271FBB41BB00E6CEE0 /* Project.app */ = {isa = PBXFileReference; explicitFileType = wrapper.application; includeInIndex = 0; path = Project.app; sourceTree = BUILT_PRODUCTS_DIR; };
		A6EDB32B1FBB41BC00E6CEE0 /* main.m */ = {isa = PBXFileReference; lastKnownFileType = sourcecode.c.objc; path = main.m; sourceTree = "<group>"; };
		A6EDB32D1FBB41BC00E6CEE0 /* AppDelegate.h */ = {isa = PBXFileReference; lastKnownFileType = sourcecode.c.h; path = AppDelegate.h; sourceTree = "<group>"; };
		A6EDB32E1FBB41BC00E6CEE0 /* AppDelegate.m */ = {isa = PBXFileReference; lastKnownFileType = sourcecode.c.objc; path = AppDelegate.m; sourceTree = "<group>"; };
		A6EDB3361FBB41BD00E6CEE0 /* Assets.xcassets */ = {isa = PBXFileReference; lastKnownFileType = folder.assetcatalog; path = Assets.xcassets; sourceTree = "<group>"; };
		A6EDB3391FBB41BD00E6CEE0 /* Base */ = {isa = PBXFileReference; lastKnownFileType = file.storyboard; name = Base; path = Base.lproj/LaunchScreen.storyboard; sourceTree = "<group>"; };
		A6EDB33B1FBB41BD00E6CEE0 /* Info.plist */ = {isa = PBXFileReference; lastKnownFileType = text.plist.xml; path = Info.plist; sourceTree = "<group>"; };
		A6EDB3401FBB41BD00E6CEE0 /* ProjectTests.xctest */ = {isa = PBXFileReference; explicitFileType = wrapper.cfbundle; includeInIndex = 0; path = ProjectTests.xctest; sourceTree = BUILT_PRODUCTS_DIR; };
		A6EDB3441FBB41BE00E6CEE0 /* ProjectTests.m */ = {isa = PBXFileReference; lastKnownFileType = sourcecode.c.objc; path = ProjectTests.m; sourceTree = "<group>"; };
		A6EDB3461FBB41BE00E6CEE0 /* Info.plist */ = {isa = PBXFileReference; lastKnownFileType = text.plist.xml; path = Info.plist; sourceTree = "<group>"; };
		A6EDB34B1FBB41BE00E6CEE0 /* ProjectUITests.xctest */ = {isa = PBXFileReference; explicitFileType = wrapper.cfbundle; includeInIndex = 0; path = ProjectUITests.xctest; sourceTree = BUILT_PRODUCTS_DIR; };
		A6EDB34F1FBB41BE00E6CEE0 /* ProjectUITests.m */ = {isa = PBXFileReference; lastKnownFileType = sourcecode.c.objc; path = ProjectUITests.m; sourceTree = "<group>"; };
		A6EDB3511FBB41BE00E6CEE0 /* Info.plist */ = {isa = PBXFileReference; lastKnownFileType = text.plist.xml; path = Info.plist; sourceTree = "<group>"; };
		A6F9EE491FD0977E00881484 /* Bookings+CoreDataClass.h */ = {isa = PBXFileReference; fileEncoding = 4; lastKnownFileType = sourcecode.c.h; path = "Bookings+CoreDataClass.h"; sourceTree = "<group>"; };
		A6F9EE4A1FD0977E00881484 /* Bookings+CoreDataClass.m */ = {isa = PBXFileReference; fileEncoding = 4; lastKnownFileType = sourcecode.c.objc; path = "Bookings+CoreDataClass.m"; sourceTree = "<group>"; };
		A6F9EE4B1FD0977E00881484 /* Bookings+CoreDataProperties.h */ = {isa = PBXFileReference; fileEncoding = 4; lastKnownFileType = sourcecode.c.h; path = "Bookings+CoreDataProperties.h"; sourceTree = "<group>"; };
		A6F9EE4C1FD0977E00881484 /* Bookings+CoreDataProperties.m */ = {isa = PBXFileReference; fileEncoding = 4; lastKnownFileType = sourcecode.c.objc; path = "Bookings+CoreDataProperties.m"; sourceTree = "<group>"; };
		A6F9EE4F1FD099CF00881484 /* Bookings+Add.h */ = {isa = PBXFileReference; fileEncoding = 4; lastKnownFileType = sourcecode.c.h; path = "Bookings+Add.h"; sourceTree = "<group>"; };
		A6F9EE501FD099CF00881484 /* Bookings+Add.m */ = {isa = PBXFileReference; fileEncoding = 4; lastKnownFileType = sourcecode.c.objc; path = "Bookings+Add.m"; sourceTree = "<group>"; };
/* End PBXFileReference section */

/* Begin PBXFrameworksBuildPhase section */
		A6EDB3241FBB41B600E6CEE0 /* Frameworks */ = {
			isa = PBXFrameworksBuildPhase;
			buildActionMask = 2147483647;
			files = (
				A6F9EE421FD0929400881484 /* CoreData.framework in Frameworks */,
			);
			runOnlyForDeploymentPostprocessing = 0;
		};
		A6EDB33D1FBB41BD00E6CEE0 /* Frameworks */ = {
			isa = PBXFrameworksBuildPhase;
			buildActionMask = 2147483647;
			files = (
			);
			runOnlyForDeploymentPostprocessing = 0;
		};
		A6EDB3481FBB41BE00E6CEE0 /* Frameworks */ = {
			isa = PBXFrameworksBuildPhase;
			buildActionMask = 2147483647;
			files = (
			);
			runOnlyForDeploymentPostprocessing = 0;
		};
/* End PBXFrameworksBuildPhase section */

/* Begin PBXGroup section */
		A665BB4C1FCC90D8006BFA85 /* Frameworks */ = {
			isa = PBXGroup;
			children = (
				A665BB4D1FCC90D8006BFA85 /* CoreData.framework */,
			);
			name = Frameworks;
			sourceTree = "<group>";
		};
		A6AE375E1FD5AB18000E0657 /* CoreData */ = {
			isa = PBXGroup;
			children = (
				A6F9EE491FD0977E00881484 /* Bookings+CoreDataClass.h */,
				A6F9EE4A1FD0977E00881484 /* Bookings+CoreDataClass.m */,
				A6F9EE4B1FD0977E00881484 /* Bookings+CoreDataProperties.h */,
				A6F9EE4C1FD0977E00881484 /* Bookings+CoreDataProperties.m */,
				A6F9EE4F1FD099CF00881484 /* Bookings+Add.h */,
				A6F9EE501FD099CF00881484 /* Bookings+Add.m */,
				A6AE375B1FD59B82000E0657 /* BookingsFetchedResultsController.h */,
				A6AE375C1FD59B82000E0657 /* BookingsFetchedResultsController.m */,
			);
			name = CoreData;
			sourceTree = "<group>";
		};
		A6AE37601FD5AB94000E0657 /* NewBooking */ = {
			isa = PBXGroup;
			children = (
				A6C369BE1FC87C1D00C53B89 /* SelectTypeViewController.h */,
				A65595031FD6EC8600CA1472 /* SelectTypeViewController.m */,
				A6C369B51FC87BE900C53B89 /* Restaurant.h */,
				A6C369B61FC87BE900C53B89 /* Restaurant.m */,
				A6C369B81FC87BFD00C53B89 /* RestaurantDataModel.h */,
				A6C369B91FC87BFD00C53B89 /* RestaurantDataModel.m */,
				A6C369C11FC87C3400C53B89 /* RestaurantsTableViewController.h */,
				A65595051FD6ECC000CA1472 /* RestaurantsTableViewController.m */,
				A6C369BB1FC87C1100C53B89 /* RestaurantViewController.h */,
				A6C369BC1FC87C1100C53B89 /* RestaurantViewController.m */,
				A6C369C41FC8821800C53B89 /* BookingCreateViewController.h */,
				A6C369C51FC8821800C53B89 /* BookingCreateViewController.m */,
			);
			name = NewBooking;
			sourceTree = "<group>";
		};
		A6AE37611FD5ACBE000E0657 /* ExistingReservations */ = {
			isa = PBXGroup;
			children = (
				A6AE37621FD5AD5D000E0657 /* ExistingBookingsViewController.h */,
				A6AE37631FD5AD5D000E0657 /* ExistingBookingsViewController.m */,
				A6C369B21FC87BCD00C53B89 /* BookingsViewController.h */,
				A6C369B31FC87BCD00C53B89 /* BookingsViewController.m */,
			);
			name = ExistingReservations;
			sourceTree = "<group>";
		};
		A6EDB31E1FBB41B400E6CEE0 = {
			isa = PBXGroup;
			children = (
				A6EDB3291FBB41BB00E6CEE0 /* Project */,
				A6EDB3431FBB41BD00E6CEE0 /* ProjectTests */,
				A6EDB34E1FBB41BE00E6CEE0 /* ProjectUITests */,
				A6EDB3281FBB41BB00E6CEE0 /* Products */,
				A665BB4C1FCC90D8006BFA85 /* Frameworks */,
			);
			sourceTree = "<group>";
		};
		A6EDB3281FBB41BB00E6CEE0 /* Products */ = {
			isa = PBXGroup;
			children = (
				A6EDB3271FBB41BB00E6CEE0 /* Project.app */,
				A6EDB3401FBB41BD00E6CEE0 /* ProjectTests.xctest */,
				A6EDB34B1FBB41BE00E6CEE0 /* ProjectUITests.xctest */,
			);
			name = Products;
			sourceTree = "<group>";
		};
		A6EDB3291FBB41BB00E6CEE0 /* Project */ = {
			isa = PBXGroup;
			children = (
				A6EDB32D1FBB41BC00E6CEE0 /* AppDelegate.h */,
				A6EDB32E1FBB41BC00E6CEE0 /* AppDelegate.m */,
				A6AE37611FD5ACBE000E0657 /* ExistingReservations */,
				A6AE37601FD5AB94000E0657 /* NewBooking */,
				A6AE375E1FD5AB18000E0657 /* CoreData */,
				A6C369AC1FC87B6800C53B89 /* Booking.h */,
				A6C369AD1FC87B7B00C53B89 /* Booking.m */,
				A6EDB3361FBB41BD00E6CEE0 /* Assets.xcassets */,
				A65455EF1FD1B01E00059017 /* Main.storyboard */,
				A6EDB3381FBB41BD00E6CEE0 /* LaunchScreen.storyboard */,
				A6C369C71FC890E600C53B89 /* Project.xcdatamodeld */,
				A6EDB32A1FBB41BB00E6CEE0 /* Supporting Files */,
				A6EDB33B1FBB41BD00E6CEE0 /* Info.plist */,
			);
			path = Project;
			sourceTree = "<group>";
		};
		A6EDB32A1FBB41BB00E6CEE0 /* Supporting Files */ = {
			isa = PBXGroup;
			children = (
				A6EDB32B1FBB41BC00E6CEE0 /* main.m */,
			);
			name = "Supporting Files";
			sourceTree = "<group>";
		};
		A6EDB3431FBB41BD00E6CEE0 /* ProjectTests */ = {
			isa = PBXGroup;
			children = (
				A6EDB3441FBB41BE00E6CEE0 /* ProjectTests.m */,
				A6EDB3461FBB41BE00E6CEE0 /* Info.plist */,
			);
			path = ProjectTests;
			sourceTree = "<group>";
		};
		A6EDB34E1FBB41BE00E6CEE0 /* ProjectUITests */ = {
			isa = PBXGroup;
			children = (
				A6EDB34F1FBB41BE00E6CEE0 /* ProjectUITests.m */,
				A6EDB3511FBB41BE00E6CEE0 /* Info.plist */,
			);
			path = ProjectUITests;
			sourceTree = "<group>";
		};
/* End PBXGroup section */

/* Begin PBXNativeTarget section */
		A6EDB3261FBB41B600E6CEE0 /* Project */ = {
			isa = PBXNativeTarget;
			buildConfigurationList = A6EDB3541FBB41BE00E6CEE0 /* Build configuration list for PBXNativeTarget "Project" */;
			buildPhases = (
				A6EDB3231FBB41B600E6CEE0 /* Sources */,
				A6EDB3241FBB41B600E6CEE0 /* Frameworks */,
				A6EDB3251FBB41B600E6CEE0 /* Resources */,
			);
			buildRules = (
			);
			dependencies = (
			);
			name = Project;
			productName = Project;
			productReference = A6EDB3271FBB41BB00E6CEE0 /* Project.app */;
			productType = "com.apple.product-type.application";
		};
		A6EDB33F1FBB41BD00E6CEE0 /* ProjectTests */ = {
			isa = PBXNativeTarget;
			buildConfigurationList = A6EDB3571FBB41BE00E6CEE0 /* Build configuration list for PBXNativeTarget "ProjectTests" */;
			buildPhases = (
				A6EDB33C1FBB41BD00E6CEE0 /* Sources */,
				A6EDB33D1FBB41BD00E6CEE0 /* Frameworks */,
				A6EDB33E1FBB41BD00E6CEE0 /* Resources */,
			);
			buildRules = (
			);
			dependencies = (
				A6EDB3421FBB41BD00E6CEE0 /* PBXTargetDependency */,
			);
			name = ProjectTests;
			productName = ProjectTests;
			productReference = A6EDB3401FBB41BD00E6CEE0 /* ProjectTests.xctest */;
			productType = "com.apple.product-type.bundle.unit-test";
		};
		A6EDB34A1FBB41BE00E6CEE0 /* ProjectUITests */ = {
			isa = PBXNativeTarget;
			buildConfigurationList = A6EDB35A1FBB41BE00E6CEE0 /* Build configuration list for PBXNativeTarget "ProjectUITests" */;
			buildPhases = (
				A6EDB3471FBB41BE00E6CEE0 /* Sources */,
				A6EDB3481FBB41BE00E6CEE0 /* Frameworks */,
				A6EDB3491FBB41BE00E6CEE0 /* Resources */,
			);
			buildRules = (
			);
			dependencies = (
				A6EDB34D1FBB41BE00E6CEE0 /* PBXTargetDependency */,
			);
			name = ProjectUITests;
			productName = ProjectUITests;
			productReference = A6EDB34B1FBB41BE00E6CEE0 /* ProjectUITests.xctest */;
			productType = "com.apple.product-type.bundle.ui-testing";
		};
/* End PBXNativeTarget section */

/* Begin PBXProject section */
		A6EDB31F1FBB41B400E6CEE0 /* Project object */ = {
			isa = PBXProject;
			attributes = {
				LastUpgradeCheck = 0800;
				ORGANIZATIONNAME = "University of Leeds";
				TargetAttributes = {
					A6EDB3261FBB41B600E6CEE0 = {
						CreatedOnToolsVersion = 8.0;
						LastSwiftMigration = 0800;
						ProvisioningStyle = Automatic;
					};
					A6EDB33F1FBB41BD00E6CEE0 = {
						CreatedOnToolsVersion = 8.0;
						ProvisioningStyle = Automatic;
						TestTargetID = A6EDB3261FBB41B600E6CEE0;
					};
					A6EDB34A1FBB41BE00E6CEE0 = {
						CreatedOnToolsVersion = 8.0;
						ProvisioningStyle = Automatic;
						TestTargetID = A6EDB3261FBB41B600E6CEE0;
					};
				};
			};
			buildConfigurationList = A6EDB3221FBB41B400E6CEE0 /* Build configuration list for PBXProject "Project" */;
			compatibilityVersion = "Xcode 3.2";
			developmentRegion = English;
			hasScannedForEncodings = 0;
			knownRegions = (
				en,
				Base,
			);
			mainGroup = A6EDB31E1FBB41B400E6CEE0;
			productRefGroup = A6EDB3281FBB41BB00E6CEE0 /* Products */;
			projectDirPath = "";
			projectRoot = "";
			targets = (
				A6EDB3261FBB41B600E6CEE0 /* Project */,
				A6EDB33F1FBB41BD00E6CEE0 /* ProjectTests */,
				A6EDB34A1FBB41BE00E6CEE0 /* ProjectUITests */,
			);
		};
/* End PBXProject section */

/* Begin PBXResourcesBuildPhase section */
		A6EDB3251FBB41B600E6CEE0 /* Resources */ = {
			isa = PBXResourcesBuildPhase;
			buildActionMask = 2147483647;
			files = (
				A6EDB33A1FBB41BD00E6CEE0 /* LaunchScreen.storyboard in Resources */,
				A65455F01FD1B01E00059017 /* Main.storyboard in Resources */,
				A6EDB3371FBB41BD00E6CEE0 /* Assets.xcassets in Resources */,
			);
			runOnlyForDeploymentPostprocessing = 0;
		};
		A6EDB33E1FBB41BD00E6CEE0 /* Resources */ = {
			isa = PBXResourcesBuildPhase;
			buildActionMask = 2147483647;
			files = (
			);
			runOnlyForDeploymentPostprocessing = 0;
		};
		A6EDB3491FBB41BE00E6CEE0 /* Resources */ = {
			isa = PBXResourcesBuildPhase;
			buildActionMask = 2147483647;
			files = (
			);
			runOnlyForDeploymentPostprocessing = 0;
		};
/* End PBXResourcesBuildPhase section */

/* Begin PBXSourcesBuildPhase section */
		A6EDB3231FBB41B600E6CEE0 /* Sources */ = {
			isa = PBXSourcesBuildPhase;
			buildActionMask = 2147483647;
			files = (
				A6C369C61FC8821800C53B89 /* BookingCreateViewController.m in Sources */,
				A6F9EE4D1FD0977E00881484 /* Bookings+CoreDataClass.m in Sources */,
				A6AE37641FD5AD5D000E0657 /* ExistingBookingsViewController.m in Sources */,
				A6C369C91FC890E600C53B89 /* Project.xcdatamodeld in Sources */,
				A6C369B41FC87BCD00C53B89 /* BookingsViewController.m in Sources */,
				A6AE375D1FD59B82000E0657 /* BookingsFetchedResultsController.m in Sources */,
				A65595041FD6EC8600CA1472 /* SelectTypeViewController.m in Sources */,
				A6C369B71FC87BE900C53B89 /* Restaurant.m in Sources */,
				A6C369BD1FC87C1100C53B89 /* RestaurantViewController.m in Sources */,
				A6F9EE511FD099CF00881484 /* Bookings+Add.m in Sources */,
				A6C369BA1FC87BFD00C53B89 /* RestaurantDataModel.m in Sources */,
				A6C369AE1FC87B7B00C53B89 /* Booking.m in Sources */,
				A65595061FD6ECC000CA1472 /* RestaurantsTableViewController.m in Sources */,
				A6EDB32F1FBB41BC00E6CEE0 /* AppDelegate.m in Sources */,
				A6EDB32C1FBB41BC00E6CEE0 /* main.m in Sources */,
				A6F9EE4E1FD0977E00881484 /* Bookings+CoreDataProperties.m in Sources */,
			);
			runOnlyForDeploymentPostprocessing = 0;
		};
		A6EDB33C1FBB41BD00E6CEE0 /* Sources */ = {
			isa = PBXSourcesBuildPhase;
			buildActionMask = 2147483647;
			files = (
				A6EDB3451FBB41BE00E6CEE0 /* ProjectTests.m in Sources */,
			);
			runOnlyForDeploymentPostprocessing = 0;
		};
		A6EDB3471FBB41BE00E6CEE0 /* Sources */ = {
			isa = PBXSourcesBuildPhase;
			buildActionMask = 2147483647;
			files = (
				A6EDB3501FBB41BE00E6CEE0 /* ProjectUITests.m in Sources */,
			);
			runOnlyForDeploymentPostprocessing = 0;
		};
/* End PBXSourcesBuildPhase section */

/* Begin PBXTargetDependency section */
		A6EDB3421FBB41BD00E6CEE0 /* PBXTargetDependency */ = {
			isa = PBXTargetDependency;
			target = A6EDB3261FBB41B600E6CEE0 /* Project */;
			targetProxy = A6EDB3411FBB41BD00E6CEE0 /* PBXContainerItemProxy */;
		};
		A6EDB34D1FBB41BE00E6CEE0 /* PBXTargetDependency */ = {
			isa = PBXTargetDependency;
			target = A6EDB3261FBB41B600E6CEE0 /* Project */;
			targetProxy = A6EDB34C1FBB41BE00E6CEE0 /* PBXContainerItemProxy */;
		};
/* End PBXTargetDependency section */

/* Begin PBXVariantGroup section */
		A6EDB3381FBB41BD00E6CEE0 /* LaunchScreen.storyboard */ = {
			isa = PBXVariantGroup;
			children = (
				A6EDB3391FBB41BD00E6CEE0 /* Base */,
			);
			name = LaunchScreen.storyboard;
			sourceTree = "<group>";
		};
/* End PBXVariantGroup section */

/* Begin XCBuildConfiguration section */
		A6EDB3521FBB41BE00E6CEE0 /* Debug */ = {
			isa = XCBuildConfiguration;
			buildSettings = {
				ALWAYS_SEARCH_USER_PATHS = NO;
				CLANG_ANALYZER_NONNULL = YES;
				CLANG_CXX_LANGUAGE_STANDARD = "gnu++0x";
				CLANG_CXX_LIBRARY = "libc++";
				CLANG_ENABLE_MODULES = YES;
				CLANG_ENABLE_OBJC_ARC = YES;
				CLANG_WARN_BOOL_CONVERSION = YES;
				CLANG_WARN_CONSTANT_CONVERSION = YES;
				CLANG_WARN_DIRECT_OBJC_ISA_USAGE = YES_ERROR;
				CLANG_WARN_DOCUMENTATION_COMMENTS = YES;
				CLANG_WARN_EMPTY_BODY = YES;
				CLANG_WARN_ENUM_CONVERSION = YES;
				CLANG_WARN_INFINITE_RECURSION = YES;
				CLANG_WARN_INT_CONVERSION = YES;
				CLANG_WARN_OBJC_ROOT_CLASS = YES_ERROR;
				CLANG_WARN_SUSPICIOUS_MOVES = YES;
				CLANG_WARN_UNREACHABLE_CODE = YES;
				CLANG_WARN__DUPLICATE_METHOD_MATCH = YES;
				"CODE_SIGN_IDENTITY[sdk=iphoneos*]" = "iPhone Developer";
				COPY_PHASE_STRIP = NO;
				DEBUG_INFORMATION_FORMAT = dwarf;
				ENABLE_STRICT_OBJC_MSGSEND = YES;
				ENABLE_TESTABILITY = YES;
				GCC_C_LANGUAGE_STANDARD = gnu99;
				GCC_DYNAMIC_NO_PIC = NO;
				GCC_NO_COMMON_BLOCKS = YES;
				GCC_OPTIMIZATION_LEVEL = 0;
				GCC_PREPROCESSOR_DEFINITIONS = (
					"DEBUG=1",
					"$(inherited)",
				);
				GCC_WARN_64_TO_32_BIT_CONVERSION = YES;
				GCC_WARN_ABOUT_RETURN_TYPE = YES_ERROR;
				GCC_WARN_UNDECLARED_SELECTOR = YES;
				GCC_WARN_UNINITIALIZED_AUTOS = YES_AGGRESSIVE;
				GCC_WARN_UNUSED_FUNCTION = YES;
				GCC_WARN_UNUSED_VARIABLE = YES;
				IPHONEOS_DEPLOYMENT_TARGET = 10.0;
				MTL_ENABLE_DEBUG_INFO = YES;
				ONLY_ACTIVE_ARCH = YES;
				SDKROOT = iphoneos;
				TARGETED_DEVICE_FAMILY = "1,2";
			};
			name = Debug;
		};
		A6EDB3531FBB41BE00E6CEE0 /* Release */ = {
			isa = XCBuildConfiguration;
			buildSettings = {
				ALWAYS_SEARCH_USER_PATHS = NO;
				CLANG_ANALYZER_NONNULL = YES;
				CLANG_CXX_LANGUAGE_STANDARD = "gnu++0x";
				CLANG_CXX_LIBRARY = "libc++";
				CLANG_ENABLE_MODULES = YES;
				CLANG_ENABLE_OBJC_ARC = YES;
				CLANG_WARN_BOOL_CONVERSION = YES;
				CLANG_WARN_CONSTANT_CONVERSION = YES;
				CLANG_WARN_DIRECT_OBJC_ISA_USAGE = YES_ERROR;
				CLANG_WARN_DOCUMENTATION_COMMENTS = YES;
				CLANG_WARN_EMPTY_BODY = YES;
				CLANG_WARN_ENUM_CONVERSION = YES;
				CLANG_WARN_INFINITE_RECURSION = YES;
				CLANG_WARN_INT_CONVERSION = YES;
				CLANG_WARN_OBJC_ROOT_CLASS = YES_ERROR;
				CLANG_WARN_SUSPICIOUS_MOVES = YES;
				CLANG_WARN_UNREACHABLE_CODE = YES;
				CLANG_WARN__DUPLICATE_METHOD_MATCH = YES;
				"CODE_SIGN_IDENTITY[sdk=iphoneos*]" = "iPhone Developer";
				COPY_PHASE_STRIP = NO;
				DEBUG_INFORMATION_FORMAT = "dwarf-with-dsym";
				ENABLE_NS_ASSERTIONS = NO;
				ENABLE_STRICT_OBJC_MSGSEND = YES;
				GCC_C_LANGUAGE_STANDARD = gnu99;
				GCC_NO_COMMON_BLOCKS = YES;
				GCC_WARN_64_TO_32_BIT_CONVERSION = YES;
				GCC_WARN_ABOUT_RETURN_TYPE = YES_ERROR;
				GCC_WARN_UNDECLARED_SELECTOR = YES;
				GCC_WARN_UNINITIALIZED_AUTOS = YES_AGGRESSIVE;
				GCC_WARN_UNUSED_FUNCTION = YES;
				GCC_WARN_UNUSED_VARIABLE = YES;
				IPHONEOS_DEPLOYMENT_TARGET = 10.0;
				MTL_ENABLE_DEBUG_INFO = NO;
				SDKROOT = iphoneos;
				TARGETED_DEVICE_FAMILY = "1,2";
				VALIDATE_PRODUCT = YES;
			};
			name = Release;
		};
		A6EDB3551FBB41BE00E6CEE0 /* Debug */ = {
			isa = XCBuildConfiguration;
			buildSettings = {
				ASSETCATALOG_COMPILER_APPICON_NAME = AppIcon;
				CLANG_ENABLE_MODULES = YES;
				INFOPLIST_FILE = Project/Info.plist;
				LD_RUNPATH_SEARCH_PATHS = "$(inherited) @executable_path/Frameworks";
				PRODUCT_BUNDLE_IDENTIFIER = uk.ac.leeds.Project;
				PRODUCT_NAME = "$(TARGET_NAME)";
				SWIFT_OBJC_BRIDGING_HEADER = "Project-Bridging-Header.h";
				SWIFT_OPTIMIZATION_LEVEL = "-Onone";
				SWIFT_VERSION = 3.0;
			};
			name = Debug;
		};
		A6EDB3561FBB41BE00E6CEE0 /* Release */ = {
			isa = XCBuildConfiguration;
			buildSettings = {
				ASSETCATALOG_COMPILER_APPICON_NAME = AppIcon;
				CLANG_ENABLE_MODULES = YES;
				INFOPLIST_FILE = Project/Info.plist;
				LD_RUNPATH_SEARCH_PATHS = "$(inherited) @executable_path/Frameworks";
				PRODUCT_BUNDLE_IDENTIFIER = uk.ac.leeds.Project;
				PRODUCT_NAME = "$(TARGET_NAME)";
				SWIFT_OBJC_BRIDGING_HEADER = "Project-Bridging-Header.h";
				SWIFT_VERSION = 3.0;
			};
			name = Release;
		};
		A6EDB3581FBB41BE00E6CEE0 /* Debug */ = {
			isa = XCBuildConfiguration;
			buildSettings = {
				BUNDLE_LOADER = "$(TEST_HOST)";
				INFOPLIST_FILE = ProjectTests/Info.plist;
				LD_RUNPATH_SEARCH_PATHS = "$(inherited) @executable_path/Frameworks @loader_path/Frameworks";
				PRODUCT_BUNDLE_IDENTIFIER = uk.ac.leeds.ProjectTests;
				PRODUCT_NAME = "$(TARGET_NAME)";
				TEST_HOST = "$(BUILT_PRODUCTS_DIR)/Project.app/Project";
			};
			name = Debug;
		};
		A6EDB3591FBB41BE00E6CEE0 /* Release */ = {
			isa = XCBuildConfiguration;
			buildSettings = {
				BUNDLE_LOADER = "$(TEST_HOST)";
				INFOPLIST_FILE = ProjectTests/Info.plist;
				LD_RUNPATH_SEARCH_PATHS = "$(inherited) @executable_path/Frameworks @loader_path/Frameworks";
				PRODUCT_BUNDLE_IDENTIFIER = uk.ac.leeds.ProjectTests;
				PRODUCT_NAME = "$(TARGET_NAME)";
				TEST_HOST = "$(BUILT_PRODUCTS_DIR)/Project.app/Project";
			};
			name = Release;
		};
		A6EDB35B1FBB41BE00E6CEE0 /* Debug */ = {
			isa = XCBuildConfiguration;
			buildSettings = {
				INFOPLIST_FILE = ProjectUITests/Info.plist;
				LD_RUNPATH_SEARCH_PATHS = "$(inherited) @executable_path/Frameworks @loader_path/Frameworks";
				PRODUCT_BUNDLE_IDENTIFIER = uk.ac.leeds.ProjectUITests;
				PRODUCT_NAME = "$(TARGET_NAME)";
				TEST_TARGET_NAME = Project;
			};
			name = Debug;
		};
		A6EDB35C1FBB41BE00E6CEE0 /* Release */ = {
			isa = XCBuildConfiguration;
			buildSettings = {
				INFOPLIST_FILE = ProjectUITests/Info.plist;
				LD_RUNPATH_SEARCH_PATHS = "$(inherited) @executable_path/Frameworks @loader_path/Frameworks";
				PRODUCT_BUNDLE_IDENTIFIER = uk.ac.leeds.ProjectUITests;
				PRODUCT_NAME = "$(TARGET_NAME)";
				TEST_TARGET_NAME = Project;
			};
			name = Release;
		};
/* End XCBuildConfiguration section */

/* Begin XCConfigurationList section */
		A6EDB3221FBB41B400E6CEE0 /* Build configuration list for PBXProject "Project" */ = {
			isa = XCConfigurationList;
			buildConfigurations = (
				A6EDB3521FBB41BE00E6CEE0 /* Debug */,
				A6EDB3531FBB41BE00E6CEE0 /* Release */,
			);
			defaultConfigurationIsVisible = 0;
			defaultConfigurationName = Release;
		};
		A6EDB3541FBB41BE00E6CEE0 /* Build configuration list for PBXNativeTarget "Project" */ = {
			isa = XCConfigurationList;
			buildConfigurations = (
				A6EDB3551FBB41BE00E6CEE0 /* Debug */,
				A6EDB3561FBB41BE00E6CEE0 /* Release */,
			);
			defaultConfigurationIsVisible = 0;
			defaultConfigurationName = Release;
		};
		A6EDB3571FBB41BE00E6CEE0 /* Build configuration list for PBXNativeTarget "ProjectTests" */ = {
			isa = XCConfigurationList;
			buildConfigurations = (
				A6EDB3581FBB41BE00E6CEE0 /* Debug */,
				A6EDB3591FBB41BE00E6CEE0 /* Release */,
			);
			defaultConfigurationIsVisible = 0;
			defaultConfigurationName = Release;
		};
		A6EDB35A1FBB41BE00E6CEE0 /* Build configuration list for PBXNativeTarget "ProjectUITests" */ = {
			isa = XCConfigurationList;
			buildConfigurations = (
				A6EDB35B1FBB41BE00E6CEE0 /* Debug */,
				A6EDB35C1FBB41BE00E6CEE0 /* Release */,
			);
			defaultConfigurationIsVisible = 0;
			defaultConfigurationName = Release;
		};
/* End XCConfigurationList section */

/* Begin XCVersionGroup section */
		A6C369C71FC890E600C53B89 /* Project.xcdatamodeld */ = {
			isa = XCVersionGroup;
			children = (
				A6C369C81FC890E600C53B89 /* Project.xcdatamodel */,
			);
			currentVersion = A6C369C81FC890E600C53B89 /* Project.xcdatamodel */;
			path = Project.xcdatamodeld;
			sourceTree = "<group>";
			versionGroupType = wrapper.xcdatamodel;
		};
/* End XCVersionGroup section */
	};
	rootObject = A6EDB31F1FBB41B400E6CEE0 /* Project object */;
}
